// !$*UTF8*$!
{
	archiveVersion = 1;
	classes = {
	};
	objectVersion = 55;
	objects = {

/* Begin PBXBuildFile section */
		147671BA288D16F000A4FCAF /* RisingFoundationExtention.m in Sources */ = {isa = PBXBuildFile; fileRef = 147671B6288D16F000A4FCAF /* RisingFoundationExtention.m */; };
		147671BB288D16F000A4FCAF /* RisingUIKitExtension.m in Sources */ = {isa = PBXBuildFile; fileRef = 147671B7288D16F000A4FCAF /* RisingUIKitExtension.m */; };
		147671C4288D185800A4FCAF /* RisingRouterRequest.m in Sources */ = {isa = PBXBuildFile; fileRef = 147671BE288D185800A4FCAF /* RisingRouterRequest.m */; };
		147671C5288D185800A4FCAF /* RisingRouterResponse.m in Sources */ = {isa = PBXBuildFile; fileRef = 147671C2288D185800A4FCAF /* RisingRouterResponse.m */; };
		147671C6288D185800A4FCAF /* RisingRouter.m in Sources */ = {isa = PBXBuildFile; fileRef = 147671C3288D185800A4FCAF /* RisingRouter.m */; };
		14A902152892183100DC3C1A /* UIColor+Rising.m in Sources */ = {isa = PBXBuildFile; fileRef = 14A902142892183100DC3C1A /* UIColor+Rising.m */; };
		14A9021C28922D8500DC3C1A /* NSDate+Rising.m in Sources */ = {isa = PBXBuildFile; fileRef = 14A9021B28922D8500DC3C1A /* NSDate+Rising.m */; };
		14B2C597288E6AEF005BFC7C /* RisingRouter+Extension.m in Sources */ = {isa = PBXBuildFile; fileRef = 14B2C596288E6AEF005BFC7C /* RisingRouter+Extension.m */; };
		14B2C59A288E78E7005BFC7C /* HttpTool.m in Sources */ = {isa = PBXBuildFile; fileRef = 14B2C599288E78E7005BFC7C /* HttpTool.m */; };
		14B2C5A0288EC480005BFC7C /* CitySectionController.m in Sources */ = {isa = PBXBuildFile; fileRef = 14B2C59F288EC480005BFC7C /* CitySectionController.m */; };
		14B2C5A3288EC92D005BFC7C /* UIView+Rising.m in Sources */ = {isa = PBXBuildFile; fileRef = 14B2C5A2288EC92D005BFC7C /* UIView+Rising.m */; };
		14B2C5A6288EDAFE005BFC7C /* CityWeatherItem.m in Sources */ = {isa = PBXBuildFile; fileRef = 14B2C5A5288EDAFE005BFC7C /* CityWeatherItem.m */; };
		14B2C5B92890398B005BFC7C /* Data+Extension.swift in Sources */ = {isa = PBXBuildFile; fileRef = 14B2C5B22890398A005BFC7C /* Data+Extension.swift */; };
		14B2C5BA2890398B005BFC7C /* ECKeyData.swift in Sources */ = {isa = PBXBuildFile; fileRef = 14B2C5B32890398A005BFC7C /* ECKeyData.swift */; };
		14B2C5BB2890398B005BFC7C /* ASN1.swift in Sources */ = {isa = PBXBuildFile; fileRef = 14B2C5B42890398A005BFC7C /* ASN1.swift */; };
		14B2C5BC2890398B005BFC7C /* P8.swift in Sources */ = {isa = PBXBuildFile; fileRef = 14B2C5B52890398B005BFC7C /* P8.swift */; };
		14B2C5BD2890398B005BFC7C /* JWT.swift in Sources */ = {isa = PBXBuildFile; fileRef = 14B2C5B62890398B005BFC7C /* JWT.swift */; };
		14B2C5BE2890398B005BFC7C /* ECPrivateKey.swift in Sources */ = {isa = PBXBuildFile; fileRef = 14B2C5B72890398B005BFC7C /* ECPrivateKey.swift */; };
		14B2C5BF2890398B005BFC7C /* CupertinoJWTError.swift in Sources */ = {isa = PBXBuildFile; fileRef = 14B2C5B82890398B005BFC7C /* CupertinoJWTError.swift */; };
		14B2C5C828903C13005BFC7C /* RisingJWT.swift in Sources */ = {isa = PBXBuildFile; fileRef = 14B2C5C728903C13005BFC7C /* RisingJWT.swift */; };
		14B2C5CD2890C3E7005BFC7C /* AuthKey_DQ362YMNMP.p8 in Resources */ = {isa = PBXBuildFile; fileRef = 14B2C5CC2890C3E7005BFC7C /* AuthKey_DQ362YMNMP.p8 */; };
		14B2C5D0289112BF005BFC7C /* Weather.m in Sources */ = {isa = PBXBuildFile; fileRef = 14B2C5CF289112BF005BFC7C /* Weather.m */; };
		14B2C5D328911446005BFC7C /* DaylyWeather.m in Sources */ = {isa = PBXBuildFile; fileRef = 14B2C5D228911446005BFC7C /* DaylyWeather.m */; };
		B50BAD4C289F9A0D009208C2 /* AnimationView.m in Sources */ = {isa = PBXBuildFile; fileRef = B50BAD4B289F9A0D009208C2 /* AnimationView.m */; };
		B51A767A289CF5F4004C9E5F /* CurrentWeatherView.m in Sources */ = {isa = PBXBuildFile; fileRef = B51A7679289CF5F4004C9E5F /* CurrentWeatherView.m */; };
		B51A7681289E156E004C9E5F /* futureTableView.m in Sources */ = {isa = PBXBuildFile; fileRef = B51A7680289E156E004C9E5F /* futureTableView.m */; };
		B51A7684289E163E004C9E5F /* TemperatureChartView.m in Sources */ = {isa = PBXBuildFile; fileRef = B51A7683289E163E004C9E5F /* TemperatureChartView.m */; };
		B5338EB4289B5E6A009A72EA /* CityViewController.m in Sources */ = {isa = PBXBuildFile; fileRef = B5338EB3289B5E6A009A72EA /* CityViewController.m */; };
		B5338EB7289B6119009A72EA /* rainData.json in Resources */ = {isa = PBXBuildFile; fileRef = B5338EB6289B6119009A72EA /* rainData.json */; };
		B5338EBB289B661F009A72EA /* Location.m in Sources */ = {isa = PBXBuildFile; fileRef = B5338EBA289B661F009A72EA /* Location.m */; };
		B5338EBD289B682C009A72EA /* cityGroups.plist in Resources */ = {isa = PBXBuildFile; fileRef = B5338EBC289B682C009A72EA /* cityGroups.plist */; };
		B5338EC4289B7175009A72EA /* CityChosenViewController.m in Sources */ = {isa = PBXBuildFile; fileRef = B5338EC3289B7175009A72EA /* CityChosenViewController.m */; };
		B5338EC9289B7481009A72EA /* CitiesModel.m in Sources */ = {isa = PBXBuildFile; fileRef = B5338EC8289B7481009A72EA /* CitiesModel.m */; };
		B57599F5288ADF8E007CE07E /* AppDelegate.m in Sources */ = {isa = PBXBuildFile; fileRef = B57599F4288ADF8E007CE07E /* AppDelegate.m */; };
		B57599FB288ADF8E007CE07E /* ViewController.m in Sources */ = {isa = PBXBuildFile; fileRef = B57599FA288ADF8E007CE07E /* ViewController.m */; };
		B5759A00288ADF90007CE07E /* Assets.xcassets in Resources */ = {isa = PBXBuildFile; fileRef = B57599FF288ADF90007CE07E /* Assets.xcassets */; };
		B5759A03288ADF90007CE07E /* LaunchScreen.storyboard in Resources */ = {isa = PBXBuildFile; fileRef = B5759A01288ADF90007CE07E /* LaunchScreen.storyboard */; };
		B5759A06288ADF90007CE07E /* main.m in Sources */ = {isa = PBXBuildFile; fileRef = B5759A05288ADF90007CE07E /* main.m */; };
		C54F130A3DC811B61B471F3C /* Pods_ByteDanceCampus_Weather.framework in Frameworks */ = {isa = PBXBuildFile; fileRef = 9B10660F2F04B3B436AE955F /* Pods_ByteDanceCampus_Weather.framework */; };
/* End PBXBuildFile section */

/* Begin PBXFileReference section */
		147671B6288D16F000A4FCAF /* RisingFoundationExtention.m */ = {isa = PBXFileReference; fileEncoding = 4; lastKnownFileType = sourcecode.c.objc; path = RisingFoundationExtention.m; sourceTree = "<group>"; };
		147671B7288D16F000A4FCAF /* RisingUIKitExtension.m */ = {isa = PBXFileReference; fileEncoding = 4; lastKnownFileType = sourcecode.c.objc; path = RisingUIKitExtension.m; sourceTree = "<group>"; };
		147671B8288D16F000A4FCAF /* RisingUIKitExtension.h */ = {isa = PBXFileReference; fileEncoding = 4; lastKnownFileType = sourcecode.c.h; path = RisingUIKitExtension.h; sourceTree = "<group>"; };
		147671B9288D16F000A4FCAF /* RisingFoundationExtension.h */ = {isa = PBXFileReference; fileEncoding = 4; lastKnownFileType = sourcecode.c.h; path = RisingFoundationExtension.h; sourceTree = "<group>"; };
		147671BD288D185800A4FCAF /* RisingRouterResponse.h */ = {isa = PBXFileReference; fileEncoding = 4; lastKnownFileType = sourcecode.c.h; path = RisingRouterResponse.h; sourceTree = "<group>"; };
		147671BE288D185800A4FCAF /* RisingRouterRequest.m */ = {isa = PBXFileReference; fileEncoding = 4; lastKnownFileType = sourcecode.c.objc; path = RisingRouterRequest.m; sourceTree = "<group>"; };
		147671BF288D185800A4FCAF /* RisingRouter.h */ = {isa = PBXFileReference; fileEncoding = 4; lastKnownFileType = sourcecode.c.h; path = RisingRouter.h; sourceTree = "<group>"; };
		147671C0288D185800A4FCAF /* RisingRouterHandler.h */ = {isa = PBXFileReference; fileEncoding = 4; lastKnownFileType = sourcecode.c.h; path = RisingRouterHandler.h; sourceTree = "<group>"; };
		147671C1288D185800A4FCAF /* RisingRouterRequest.h */ = {isa = PBXFileReference; fileEncoding = 4; lastKnownFileType = sourcecode.c.h; path = RisingRouterRequest.h; sourceTree = "<group>"; };
		147671C2288D185800A4FCAF /* RisingRouterResponse.m */ = {isa = PBXFileReference; fileEncoding = 4; lastKnownFileType = sourcecode.c.objc; path = RisingRouterResponse.m; sourceTree = "<group>"; };
		147671C3288D185800A4FCAF /* RisingRouter.m */ = {isa = PBXFileReference; fileEncoding = 4; lastKnownFileType = sourcecode.c.objc; path = RisingRouter.m; sourceTree = "<group>"; };
		14A902132892183100DC3C1A /* UIColor+Rising.h */ = {isa = PBXFileReference; lastKnownFileType = sourcecode.c.h; path = "UIColor+Rising.h"; sourceTree = "<group>"; };
		14A902142892183100DC3C1A /* UIColor+Rising.m */ = {isa = PBXFileReference; lastKnownFileType = sourcecode.c.objc; path = "UIColor+Rising.m"; sourceTree = "<group>"; };
		14A9021A28922D8500DC3C1A /* NSDate+Rising.h */ = {isa = PBXFileReference; lastKnownFileType = sourcecode.c.h; path = "NSDate+Rising.h"; sourceTree = "<group>"; };
		14A9021B28922D8500DC3C1A /* NSDate+Rising.m */ = {isa = PBXFileReference; lastKnownFileType = sourcecode.c.objc; path = "NSDate+Rising.m"; sourceTree = "<group>"; };
		14B2C595288E6AE4005BFC7C /* RisingRouter+Extension.h */ = {isa = PBXFileReference; lastKnownFileType = sourcecode.c.h; path = "RisingRouter+Extension.h"; sourceTree = "<group>"; };
		14B2C596288E6AEF005BFC7C /* RisingRouter+Extension.m */ = {isa = PBXFileReference; lastKnownFileType = sourcecode.c.objc; path = "RisingRouter+Extension.m"; sourceTree = "<group>"; };
		14B2C598288E78E7005BFC7C /* HttpTool.h */ = {isa = PBXFileReference; fileEncoding = 4; lastKnownFileType = sourcecode.c.h; path = HttpTool.h; sourceTree = "<group>"; };
		14B2C599288E78E7005BFC7C /* HttpTool.m */ = {isa = PBXFileReference; fileEncoding = 4; lastKnownFileType = sourcecode.c.objc; path = HttpTool.m; sourceTree = "<group>"; };
		14B2C59C288E790E005BFC7C /* ExtensionHeader.h */ = {isa = PBXFileReference; lastKnownFileType = sourcecode.c.h; path = ExtensionHeader.h; sourceTree = "<group>"; };
		14B2C59E288EC480005BFC7C /* CitySectionController.h */ = {isa = PBXFileReference; lastKnownFileType = sourcecode.c.h; path = CitySectionController.h; sourceTree = "<group>"; };
		14B2C59F288EC480005BFC7C /* CitySectionController.m */ = {isa = PBXFileReference; lastKnownFileType = sourcecode.c.objc; path = CitySectionController.m; sourceTree = "<group>"; };
		14B2C5A1288EC92D005BFC7C /* UIView+Rising.h */ = {isa = PBXFileReference; lastKnownFileType = sourcecode.c.h; path = "UIView+Rising.h"; sourceTree = "<group>"; };
		14B2C5A2288EC92D005BFC7C /* UIView+Rising.m */ = {isa = PBXFileReference; lastKnownFileType = sourcecode.c.objc; path = "UIView+Rising.m"; sourceTree = "<group>"; };
		14B2C5A4288EDAFE005BFC7C /* CityWeatherItem.h */ = {isa = PBXFileReference; lastKnownFileType = sourcecode.c.h; path = CityWeatherItem.h; sourceTree = "<group>"; };
		14B2C5A5288EDAFE005BFC7C /* CityWeatherItem.m */ = {isa = PBXFileReference; lastKnownFileType = sourcecode.c.objc; path = CityWeatherItem.m; sourceTree = "<group>"; };
		14B2C5B22890398A005BFC7C /* Data+Extension.swift */ = {isa = PBXFileReference; fileEncoding = 4; lastKnownFileType = sourcecode.swift; path = "Data+Extension.swift"; sourceTree = "<group>"; };
		14B2C5B32890398A005BFC7C /* ECKeyData.swift */ = {isa = PBXFileReference; fileEncoding = 4; lastKnownFileType = sourcecode.swift; path = ECKeyData.swift; sourceTree = "<group>"; };
		14B2C5B42890398A005BFC7C /* ASN1.swift */ = {isa = PBXFileReference; fileEncoding = 4; lastKnownFileType = sourcecode.swift; path = ASN1.swift; sourceTree = "<group>"; };
		14B2C5B52890398B005BFC7C /* P8.swift */ = {isa = PBXFileReference; fileEncoding = 4; lastKnownFileType = sourcecode.swift; path = P8.swift; sourceTree = "<group>"; };
		14B2C5B62890398B005BFC7C /* JWT.swift */ = {isa = PBXFileReference; fileEncoding = 4; lastKnownFileType = sourcecode.swift; path = JWT.swift; sourceTree = "<group>"; };
		14B2C5B72890398B005BFC7C /* ECPrivateKey.swift */ = {isa = PBXFileReference; fileEncoding = 4; lastKnownFileType = sourcecode.swift; path = ECPrivateKey.swift; sourceTree = "<group>"; };
		14B2C5B82890398B005BFC7C /* CupertinoJWTError.swift */ = {isa = PBXFileReference; fileEncoding = 4; lastKnownFileType = sourcecode.swift; path = CupertinoJWTError.swift; sourceTree = "<group>"; };
		14B2C5C528903BCF005BFC7C /* SwiftOC.h */ = {isa = PBXFileReference; lastKnownFileType = sourcecode.c.h; path = SwiftOC.h; sourceTree = "<group>"; };
		14B2C5C728903C13005BFC7C /* RisingJWT.swift */ = {isa = PBXFileReference; lastKnownFileType = sourcecode.swift; path = RisingJWT.swift; sourceTree = "<group>"; };
		14B2C5CC2890C3E7005BFC7C /* AuthKey_DQ362YMNMP.p8 */ = {isa = PBXFileReference; fileEncoding = 4; lastKnownFileType = text; path = AuthKey_DQ362YMNMP.p8; sourceTree = "<group>"; };
		14B2C5CE289112BE005BFC7C /* Weather.h */ = {isa = PBXFileReference; lastKnownFileType = sourcecode.c.h; path = Weather.h; sourceTree = "<group>"; };
		14B2C5CF289112BF005BFC7C /* Weather.m */ = {isa = PBXFileReference; lastKnownFileType = sourcecode.c.objc; path = Weather.m; sourceTree = "<group>"; };
		14B2C5D128911446005BFC7C /* DaylyWeather.h */ = {isa = PBXFileReference; lastKnownFileType = sourcecode.c.h; path = DaylyWeather.h; sourceTree = "<group>"; };
		14B2C5D228911446005BFC7C /* DaylyWeather.m */ = {isa = PBXFileReference; lastKnownFileType = sourcecode.c.objc; path = DaylyWeather.m; sourceTree = "<group>"; };
		14B2C5D428911608005BFC7C /* WeatherHeader.h */ = {isa = PBXFileReference; lastKnownFileType = sourcecode.c.h; path = WeatherHeader.h; sourceTree = "<group>"; };
		4F4DFFE3505B4E39B298FE71 /* Pods-ByteDanceCampus_Weather.debug.xcconfig */ = {isa = PBXFileReference; includeInIndex = 1; lastKnownFileType = text.xcconfig; name = "Pods-ByteDanceCampus_Weather.debug.xcconfig"; path = "Target Support Files/Pods-ByteDanceCampus_Weather/Pods-ByteDanceCampus_Weather.debug.xcconfig"; sourceTree = "<group>"; };
		9B10660F2F04B3B436AE955F /* Pods_ByteDanceCampus_Weather.framework */ = {isa = PBXFileReference; explicitFileType = wrapper.framework; includeInIndex = 0; path = Pods_ByteDanceCampus_Weather.framework; sourceTree = BUILT_PRODUCTS_DIR; };
		B50BAD4A289F9A0D009208C2 /* AnimationView.h */ = {isa = PBXFileReference; lastKnownFileType = sourcecode.c.h; path = AnimationView.h; sourceTree = "<group>"; };
		B50BAD4B289F9A0D009208C2 /* AnimationView.m */ = {isa = PBXFileReference; lastKnownFileType = sourcecode.c.objc; path = AnimationView.m; sourceTree = "<group>"; };
		B51A7676289CC90B004C9E5F /* CoreLocation.framework */ = {isa = PBXFileReference; lastKnownFileType = wrapper.framework; name = CoreLocation.framework; path = System/Library/Frameworks/CoreLocation.framework; sourceTree = SDKROOT; };
		B51A7678289CF5F4004C9E5F /* CurrentWeatherView.h */ = {isa = PBXFileReference; lastKnownFileType = sourcecode.c.h; path = CurrentWeatherView.h; sourceTree = "<group>"; };
		B51A7679289CF5F4004C9E5F /* CurrentWeatherView.m */ = {isa = PBXFileReference; lastKnownFileType = sourcecode.c.objc; path = CurrentWeatherView.m; sourceTree = "<group>"; };
		B51A767E289D7C36004C9E5F /* MacroHeader.h */ = {isa = PBXFileReference; lastKnownFileType = sourcecode.c.h; path = MacroHeader.h; sourceTree = "<group>"; };
		B51A767F289E156E004C9E5F /* futureTableView.h */ = {isa = PBXFileReference; lastKnownFileType = sourcecode.c.h; path = futureTableView.h; sourceTree = "<group>"; };
		B51A7680289E156E004C9E5F /* futureTableView.m */ = {isa = PBXFileReference; lastKnownFileType = sourcecode.c.objc; path = futureTableView.m; sourceTree = "<group>"; };
		B51A7682289E163E004C9E5F /* TemperatureChartView.h */ = {isa = PBXFileReference; lastKnownFileType = sourcecode.c.h; path = TemperatureChartView.h; sourceTree = "<group>"; };
		B51A7683289E163E004C9E5F /* TemperatureChartView.m */ = {isa = PBXFileReference; lastKnownFileType = sourcecode.c.objc; path = TemperatureChartView.m; sourceTree = "<group>"; };
		B5338EB2289B5E6A009A72EA /* CityViewController.h */ = {isa = PBXFileReference; lastKnownFileType = sourcecode.c.h; path = CityViewController.h; sourceTree = "<group>"; };
		B5338EB3289B5E6A009A72EA /* CityViewController.m */ = {isa = PBXFileReference; lastKnownFileType = sourcecode.c.objc; path = CityViewController.m; sourceTree = "<group>"; };
		B5338EB6289B6119009A72EA /* rainData.json */ = {isa = PBXFileReference; fileEncoding = 4; lastKnownFileType = text.json; path = rainData.json; sourceTree = "<group>"; };
		B5338EB9289B661F009A72EA /* Location.h */ = {isa = PBXFileReference; lastKnownFileType = sourcecode.c.h; path = Location.h; sourceTree = "<group>"; };
		B5338EBA289B661F009A72EA /* Location.m */ = {isa = PBXFileReference; lastKnownFileType = sourcecode.c.objc; path = Location.m; sourceTree = "<group>"; };
		B5338EBC289B682C009A72EA /* cityGroups.plist */ = {isa = PBXFileReference; fileEncoding = 4; lastKnownFileType = text.plist.xml; path = cityGroups.plist; sourceTree = "<group>"; };
		B5338EC2289B7175009A72EA /* CityChosenViewController.h */ = {isa = PBXFileReference; lastKnownFileType = sourcecode.c.h; path = CityChosenViewController.h; sourceTree = "<group>"; };
		B5338EC3289B7175009A72EA /* CityChosenViewController.m */ = {isa = PBXFileReference; lastKnownFileType = sourcecode.c.objc; path = CityChosenViewController.m; sourceTree = "<group>"; };
		B5338EC7289B7481009A72EA /* CitiesModel.h */ = {isa = PBXFileReference; lastKnownFileType = sourcecode.c.h; path = CitiesModel.h; sourceTree = "<group>"; };
		B5338EC8289B7481009A72EA /* CitiesModel.m */ = {isa = PBXFileReference; lastKnownFileType = sourcecode.c.objc; path = CitiesModel.m; sourceTree = "<group>"; };
		B57599F0288ADF8E007CE07E /* ByteDanceCampus_Weather.app */ = {isa = PBXFileReference; explicitFileType = wrapper.application; includeInIndex = 0; path = ByteDanceCampus_Weather.app; sourceTree = BUILT_PRODUCTS_DIR; };
		B57599F3288ADF8E007CE07E /* AppDelegate.h */ = {isa = PBXFileReference; lastKnownFileType = sourcecode.c.h; path = AppDelegate.h; sourceTree = "<group>"; };
		B57599F4288ADF8E007CE07E /* AppDelegate.m */ = {isa = PBXFileReference; lastKnownFileType = sourcecode.c.objc; path = AppDelegate.m; sourceTree = "<group>"; };
		B57599F9288ADF8E007CE07E /* ViewController.h */ = {isa = PBXFileReference; lastKnownFileType = sourcecode.c.h; path = ViewController.h; sourceTree = "<group>"; };
		B57599FA288ADF8E007CE07E /* ViewController.m */ = {isa = PBXFileReference; lastKnownFileType = sourcecode.c.objc; path = ViewController.m; sourceTree = "<group>"; };
		B57599FF288ADF90007CE07E /* Assets.xcassets */ = {isa = PBXFileReference; lastKnownFileType = folder.assetcatalog; path = Assets.xcassets; sourceTree = "<group>"; };
		B5759A02288ADF90007CE07E /* Base */ = {isa = PBXFileReference; lastKnownFileType = file.storyboard; name = Base; path = Base.lproj/LaunchScreen.storyboard; sourceTree = "<group>"; };
		B5759A04288ADF90007CE07E /* Info.plist */ = {isa = PBXFileReference; lastKnownFileType = text.plist.xml; path = Info.plist; sourceTree = "<group>"; };
		B5759A05288ADF90007CE07E /* main.m */ = {isa = PBXFileReference; lastKnownFileType = sourcecode.c.objc; path = main.m; sourceTree = "<group>"; };
		B5759A0C288AE0EF007CE07E /* PrefixHeader.pch */ = {isa = PBXFileReference; lastKnownFileType = sourcecode.c.h; path = PrefixHeader.pch; sourceTree = "<group>"; };
		C093B705E69E432B0E9FC689 /* Pods-ByteDanceCampus_Weather.release.xcconfig */ = {isa = PBXFileReference; includeInIndex = 1; lastKnownFileType = text.xcconfig; name = "Pods-ByteDanceCampus_Weather.release.xcconfig"; path = "Target Support Files/Pods-ByteDanceCampus_Weather/Pods-ByteDanceCampus_Weather.release.xcconfig"; sourceTree = "<group>"; };
/* End PBXFileReference section */

/* Begin PBXFrameworksBuildPhase section */
		B57599ED288ADF8E007CE07E /* Frameworks */ = {
			isa = PBXFrameworksBuildPhase;
			buildActionMask = 2147483647;
			files = (
				C54F130A3DC811B61B471F3C /* Pods_ByteDanceCampus_Weather.framework in Frameworks */,
			);
			runOnlyForDeploymentPostprocessing = 0;
		};
/* End PBXFrameworksBuildPhase section */

/* Begin PBXGroup section */
		147671B5288D166B00A4FCAF /* RisingRouter */ = {
			isa = PBXGroup;
			children = (
				147671C0288D185800A4FCAF /* RisingRouterHandler.h */,
				147671BF288D185800A4FCAF /* RisingRouter.h */,
				147671C3288D185800A4FCAF /* RisingRouter.m */,
				14B2C595288E6AE4005BFC7C /* RisingRouter+Extension.h */,
				14B2C596288E6AEF005BFC7C /* RisingRouter+Extension.m */,
				147671C1288D185800A4FCAF /* RisingRouterRequest.h */,
				147671BE288D185800A4FCAF /* RisingRouterRequest.m */,
				147671BD288D185800A4FCAF /* RisingRouterResponse.h */,
				147671C2288D185800A4FCAF /* RisingRouterResponse.m */,
			);
			path = RisingRouter;
			sourceTree = "<group>";
		};
		147671BC288D16F600A4FCAF /* Extension */ = {
			isa = PBXGroup;
			children = (
				14B2C59C288E790E005BFC7C /* ExtensionHeader.h */,
				14A9021928921EC200DC3C1A /* FoundationExtension */,
				14A9021828921EB100DC3C1A /* UIKit Extension */,
			);
			path = Extension;
			sourceTree = "<group>";
		};
		14A9021628921E8700DC3C1A /* UIColor+Rising */ = {
			isa = PBXGroup;
			children = (
				14A902132892183100DC3C1A /* UIColor+Rising.h */,
				14A902142892183100DC3C1A /* UIColor+Rising.m */,
			);
			path = "UIColor+Rising";
			sourceTree = "<group>";
		};
		14A9021728921EA700DC3C1A /* UIView+Rising */ = {
			isa = PBXGroup;
			children = (
				14B2C5A1288EC92D005BFC7C /* UIView+Rising.h */,
				14B2C5A2288EC92D005BFC7C /* UIView+Rising.m */,
			);
			path = "UIView+Rising";
			sourceTree = "<group>";
		};
		14A9021828921EB100DC3C1A /* UIKit Extension */ = {
			isa = PBXGroup;
			children = (
				147671B8288D16F000A4FCAF /* RisingUIKitExtension.h */,
				147671B7288D16F000A4FCAF /* RisingUIKitExtension.m */,
				14A9021728921EA700DC3C1A /* UIView+Rising */,
				14A9021628921E8700DC3C1A /* UIColor+Rising */,
			);
			path = "UIKit Extension";
			sourceTree = "<group>";
		};
		14A9021928921EC200DC3C1A /* FoundationExtension */ = {
			isa = PBXGroup;
			children = (
				147671B9288D16F000A4FCAF /* RisingFoundationExtension.h */,
				147671B6288D16F000A4FCAF /* RisingFoundationExtention.m */,
				14A9021A28922D8500DC3C1A /* NSDate+Rising.h */,
				14A9021B28922D8500DC3C1A /* NSDate+Rising.m */,
			);
			path = FoundationExtension;
			sourceTree = "<group>";
		};
		14B2C59D288E79B0005BFC7C /* HttpTool */ = {
			isa = PBXGroup;
			children = (
				14B2C598288E78E7005BFC7C /* HttpTool.h */,
				14B2C599288E78E7005BFC7C /* HttpTool.m */,
			);
			path = HttpTool;
			sourceTree = "<group>";
		};
		14B2C5C0289039B5005BFC7C /* RisingJWT */ = {
			isa = PBXGroup;
			children = (
				14B2C5C728903C13005BFC7C /* RisingJWT.swift */,
				14B2C5B42890398A005BFC7C /* ASN1.swift */,
				14B2C5B82890398B005BFC7C /* CupertinoJWTError.swift */,
				14B2C5B22890398A005BFC7C /* Data+Extension.swift */,
				14B2C5B32890398A005BFC7C /* ECKeyData.swift */,
				14B2C5B72890398B005BFC7C /* ECPrivateKey.swift */,
				14B2C5B62890398B005BFC7C /* JWT.swift */,
				14B2C5B52890398B005BFC7C /* P8.swift */,
			);
			path = RisingJWT;
			sourceTree = "<group>";
		};
		8AA4E2FF70A89252F4390E76 /* Frameworks */ = {
			isa = PBXGroup;
			children = (
				B51A7676289CC90B004C9E5F /* CoreLocation.framework */,
				9B10660F2F04B3B436AE955F /* Pods_ByteDanceCampus_Weather.framework */,
			);
			name = Frameworks;
			sourceTree = "<group>";
		};
		AB05968F67021D3FCEE71369 /* Pods */ = {
			isa = PBXGroup;
			children = (
				4F4DFFE3505B4E39B298FE71 /* Pods-ByteDanceCampus_Weather.debug.xcconfig */,
				C093B705E69E432B0E9FC689 /* Pods-ByteDanceCampus_Weather.release.xcconfig */,
			);
			path = Pods;
			sourceTree = "<group>";
		};
		B51A767B289CF5FA004C9E5F /* View */ = {
			isa = PBXGroup;
			children = (
				B50BAD4A289F9A0D009208C2 /* AnimationView.h */,
				B50BAD4B289F9A0D009208C2 /* AnimationView.m */,
				B51A7678289CF5F4004C9E5F /* CurrentWeatherView.h */,
				B51A7679289CF5F4004C9E5F /* CurrentWeatherView.m */,
				B51A767F289E156E004C9E5F /* futureTableView.h */,
				B51A7680289E156E004C9E5F /* futureTableView.m */,
			);
			path = View;
			sourceTree = "<group>";
		};
		B51A767C289D7B87004C9E5F /* Macro */ = {
			isa = PBXGroup;
			children = (
				B51A767E289D7C36004C9E5F /* MacroHeader.h */,
			);
			path = Macro;
			sourceTree = "<group>";
		};
		B5338EB1289B5E20009A72EA /* Model */ = {
			isa = PBXGroup;
			children = (
				14B2C5D128911446005BFC7C /* DaylyWeather.h */,
				14B2C5D228911446005BFC7C /* DaylyWeather.m */,
				14B2C5CE289112BE005BFC7C /* Weather.h */,
				14B2C5CF289112BF005BFC7C /* Weather.m */,
				14B2C5D428911608005BFC7C /* WeatherHeader.h */,
			);
			path = Model;
			sourceTree = "<group>";
		};
		B5338EB5289B5E72009A72EA /* Controller */ = {
			isa = PBXGroup;
			children = (
				B5338EB2289B5E6A009A72EA /* CityViewController.h */,
				B5338EB3289B5E6A009A72EA /* CityViewController.m */,
			);
			path = Controller;
			sourceTree = "<group>";
		};
		B5338EB8289B65FF009A72EA /* Tool */ = {
			isa = PBXGroup;
			children = (
				B51A7682289E163E004C9E5F /* TemperatureChartView.h */,
				B51A7683289E163E004C9E5F /* TemperatureChartView.m */,
				B5338EB9289B661F009A72EA /* Location.h */,
				B5338EBA289B661F009A72EA /* Location.m */,
			);
			path = Tool;
			sourceTree = "<group>";
		};
		B5338EBE289B708D009A72EA /* CityLocation */ = {
			isa = PBXGroup;
			children = (
				B5338EC5289B7432009A72EA /* Controller */,
				B5338ECA289BE1DC009A72EA /* VIew */,
				B5338EC6289B7444009A72EA /* Model */,
			);
			path = CityLocation;
			sourceTree = "<group>";
		};
		B5338EC5289B7432009A72EA /* Controller */ = {
			isa = PBXGroup;
			children = (
				B5338EC2289B7175009A72EA /* CityChosenViewController.h */,
				B5338EC3289B7175009A72EA /* CityChosenViewController.m */,
			);
			path = Controller;
			sourceTree = "<group>";
		};
		B5338EC6289B7444009A72EA /* Model */ = {
			isa = PBXGroup;
			children = (
				B5338EC7289B7481009A72EA /* CitiesModel.h */,
				B5338EC8289B7481009A72EA /* CitiesModel.m */,
			);
			path = Model;
			sourceTree = "<group>";
		};
		B5338ECA289BE1DC009A72EA /* VIew */ = {
			isa = PBXGroup;
			children = (
			);
			path = VIew;
			sourceTree = "<group>";
		};
		B57599E7288ADF8E007CE07E = {
			isa = PBXGroup;
			children = (
				B57599F2288ADF8E007CE07E /* ByteDanceCampus_Weather */,
				B57599F1288ADF8E007CE07E /* Products */,
				AB05968F67021D3FCEE71369 /* Pods */,
				8AA4E2FF70A89252F4390E76 /* Frameworks */,
			);
			sourceTree = "<group>";
		};
		B57599F1288ADF8E007CE07E /* Products */ = {
			isa = PBXGroup;
			children = (
				B57599F0288ADF8E007CE07E /* ByteDanceCampus_Weather.app */,
			);
			name = Products;
			sourceTree = "<group>";
		};
		B57599F2288ADF8E007CE07E /* ByteDanceCampus_Weather */ = {
			isa = PBXGroup;
			children = (
				B57599F9288ADF8E007CE07E /* ViewController.h */,
				B57599FA288ADF8E007CE07E /* ViewController.m */,
				14B2C59E288EC480005BFC7C /* CitySectionController.h */,
				14B2C59F288EC480005BFC7C /* CitySectionController.m */,
				14B2C5A4288EDAFE005BFC7C /* CityWeatherItem.h */,
				14B2C5A5288EDAFE005BFC7C /* CityWeatherItem.m */,
				B5338EB5289B5E72009A72EA /* Controller */,
				B51A767B289CF5FA004C9E5F /* View */,
				B5338EB1289B5E20009A72EA /* Model */,
				B5338EBE289B708D009A72EA /* CityLocation */,
				B5338EB8289B65FF009A72EA /* Tool */,
				14B2C59D288E79B0005BFC7C /* HttpTool */,
				147671B5288D166B00A4FCAF /* RisingRouter */,
				14B2C5C0289039B5005BFC7C /* RisingJWT */,
				147671BC288D16F600A4FCAF /* Extension */,
				B51A767C289D7B87004C9E5F /* Macro */,
				B5759A0D288AE0F8007CE07E /* Supporting Files */,
				B5759A0C288AE0EF007CE07E /* PrefixHeader.pch */,
				14B2C5C528903BCF005BFC7C /* SwiftOC.h */,
				14B2C5CC2890C3E7005BFC7C /* AuthKey_DQ362YMNMP.p8 */,
				B5759A04288ADF90007CE07E /* Info.plist */,
				B5338EBC289B682C009A72EA /* cityGroups.plist */,
				B5338EB6289B6119009A72EA /* rainData.json */,
			);
			path = ByteDanceCampus_Weather;
			sourceTree = "<group>";
		};
		B5759A0D288AE0F8007CE07E /* Supporting Files */ = {
			isa = PBXGroup;
			children = (
				B57599F3288ADF8E007CE07E /* AppDelegate.h */,
				B57599F4288ADF8E007CE07E /* AppDelegate.m */,
				B57599FF288ADF90007CE07E /* Assets.xcassets */,
				B5759A01288ADF90007CE07E /* LaunchScreen.storyboard */,
				B5759A05288ADF90007CE07E /* main.m */,
			);
			path = "Supporting Files";
			sourceTree = "<group>";
		};
/* End PBXGroup section */

/* Begin PBXNativeTarget section */
		B57599EF288ADF8E007CE07E /* ByteDanceCampus_Weather */ = {
			isa = PBXNativeTarget;
			buildConfigurationList = B5759A09288ADF90007CE07E /* Build configuration list for PBXNativeTarget "ByteDanceCampus_Weather" */;
			buildPhases = (
				22487B1BC72B43FAB0FA2833 /* [CP] Check Pods Manifest.lock */,
				B57599EC288ADF8E007CE07E /* Sources */,
				B57599ED288ADF8E007CE07E /* Frameworks */,
				B57599EE288ADF8E007CE07E /* Resources */,
				E71682892A3E23C30BAB0115 /* [CP] Embed Pods Frameworks */,
			);
			buildRules = (
			);
			dependencies = (
			);
			name = ByteDanceCampus_Weather;
			productName = ByteDanceCampus_Weather;
			productReference = B57599F0288ADF8E007CE07E /* ByteDanceCampus_Weather.app */;
			productType = "com.apple.product-type.application";
		};
/* End PBXNativeTarget section */

/* Begin PBXProject section */
		B57599E8288ADF8E007CE07E /* Project object */ = {
			isa = PBXProject;
			attributes = {
				BuildIndependentTargetsInParallel = 1;
				LastUpgradeCheck = 1310;
				TargetAttributes = {
					B57599EF288ADF8E007CE07E = {
						CreatedOnToolsVersion = 13.1;
						LastSwiftMigration = 1340;
					};
				};
			};
			buildConfigurationList = B57599EB288ADF8E007CE07E /* Build configuration list for PBXProject "ByteDanceCampus_Weather" */;
			compatibilityVersion = "Xcode 13.0";
			developmentRegion = en;
			hasScannedForEncodings = 0;
			knownRegions = (
				en,
				Base,
			);
			mainGroup = B57599E7288ADF8E007CE07E;
			productRefGroup = B57599F1288ADF8E007CE07E /* Products */;
			projectDirPath = "";
			projectRoot = "";
			targets = (
				B57599EF288ADF8E007CE07E /* ByteDanceCampus_Weather */,
			);
		};
/* End PBXProject section */

/* Begin PBXResourcesBuildPhase section */
		B57599EE288ADF8E007CE07E /* Resources */ = {
			isa = PBXResourcesBuildPhase;
			buildActionMask = 2147483647;
			files = (
				B5338EBD289B682C009A72EA /* cityGroups.plist in Resources */,
				14B2C5CD2890C3E7005BFC7C /* AuthKey_DQ362YMNMP.p8 in Resources */,
				B5338EB7289B6119009A72EA /* rainData.json in Resources */,
				B5759A03288ADF90007CE07E /* LaunchScreen.storyboard in Resources */,
				B5759A00288ADF90007CE07E /* Assets.xcassets in Resources */,
			);
			runOnlyForDeploymentPostprocessing = 0;
		};
/* End PBXResourcesBuildPhase section */

/* Begin PBXShellScriptBuildPhase section */
		22487B1BC72B43FAB0FA2833 /* [CP] Check Pods Manifest.lock */ = {
			isa = PBXShellScriptBuildPhase;
			buildActionMask = 2147483647;
			files = (
			);
			inputFileListPaths = (
			);
			inputPaths = (
				"${PODS_PODFILE_DIR_PATH}/Podfile.lock",
				"${PODS_ROOT}/Manifest.lock",
			);
			name = "[CP] Check Pods Manifest.lock";
			outputFileListPaths = (
			);
			outputPaths = (
				"$(DERIVED_FILE_DIR)/Pods-ByteDanceCampus_Weather-checkManifestLockResult.txt",
			);
			runOnlyForDeploymentPostprocessing = 0;
			shellPath = /bin/sh;
			shellScript = "diff \"${PODS_PODFILE_DIR_PATH}/Podfile.lock\" \"${PODS_ROOT}/Manifest.lock\" > /dev/null\nif [ $? != 0 ] ; then\n    # print error to STDERR\n    echo \"error: The sandbox is not in sync with the Podfile.lock. Run 'pod install' or update your CocoaPods installation.\" >&2\n    exit 1\nfi\n# This output is used by Xcode 'outputs' to avoid re-running this script phase.\necho \"SUCCESS\" > \"${SCRIPT_OUTPUT_FILE_0}\"\n";
			showEnvVarsInLog = 0;
		};
		E71682892A3E23C30BAB0115 /* [CP] Embed Pods Frameworks */ = {
			isa = PBXShellScriptBuildPhase;
			buildActionMask = 2147483647;
			files = (
			);
			inputFileListPaths = (
				"${PODS_ROOT}/Target Support Files/Pods-ByteDanceCampus_Weather/Pods-ByteDanceCampus_Weather-frameworks-${CONFIGURATION}-input-files.xcfilelist",
			);
			name = "[CP] Embed Pods Frameworks";
			outputFileListPaths = (
				"${PODS_ROOT}/Target Support Files/Pods-ByteDanceCampus_Weather/Pods-ByteDanceCampus_Weather-frameworks-${CONFIGURATION}-output-files.xcfilelist",
			);
			runOnlyForDeploymentPostprocessing = 0;
			shellPath = /bin/sh;
			shellScript = "\"${PODS_ROOT}/Target Support Files/Pods-ByteDanceCampus_Weather/Pods-ByteDanceCampus_Weather-frameworks.sh\"\n";
			showEnvVarsInLog = 0;
		};
/* End PBXShellScriptBuildPhase section */

/* Begin PBXSourcesBuildPhase section */
		B57599EC288ADF8E007CE07E /* Sources */ = {
			isa = PBXSourcesBuildPhase;
			buildActionMask = 2147483647;
			files = (
				B57599FB288ADF8E007CE07E /* ViewController.m in Sources */,
				14B2C5BE2890398B005BFC7C /* ECPrivateKey.swift in Sources */,
				B57599F5288ADF8E007CE07E /* AppDelegate.m in Sources */,
				14B2C5B92890398B005BFC7C /* Data+Extension.swift in Sources */,
				14B2C5C828903C13005BFC7C /* RisingJWT.swift in Sources */,
				14B2C5A0288EC480005BFC7C /* CitySectionController.m in Sources */,
				B50BAD4C289F9A0D009208C2 /* AnimationView.m in Sources */,
				147671C4288D185800A4FCAF /* RisingRouterRequest.m in Sources */,
				B51A767A289CF5F4004C9E5F /* CurrentWeatherView.m in Sources */,
				B5338EB4289B5E6A009A72EA /* CityViewController.m in Sources */,
				B51A7681289E156E004C9E5F /* futureTableView.m in Sources */,
				14B2C5BA2890398B005BFC7C /* ECKeyData.swift in Sources */,
				147671C5288D185800A4FCAF /* RisingRouterResponse.m in Sources */,
				B51A7684289E163E004C9E5F /* TemperatureChartView.m in Sources */,
				147671BB288D16F000A4FCAF /* RisingUIKitExtension.m in Sources */,
				B5759A06288ADF90007CE07E /* main.m in Sources */,
				14B2C5D328911446005BFC7C /* DaylyWeather.m in Sources */,
				B5338EBB289B661F009A72EA /* Location.m in Sources */,
				14B2C5BB2890398B005BFC7C /* ASN1.swift in Sources */,
				147671C6288D185800A4FCAF /* RisingRouter.m in Sources */,
				14B2C5BC2890398B005BFC7C /* P8.swift in Sources */,
				14B2C597288E6AEF005BFC7C /* RisingRouter+Extension.m in Sources */,
				147671BA288D16F000A4FCAF /* RisingFoundationExtention.m in Sources */,
				14B2C5D0289112BF005BFC7C /* Weather.m in Sources */,
				14B2C5BF2890398B005BFC7C /* CupertinoJWTError.swift in Sources */,
				B5338EC4289B7175009A72EA /* CityChosenViewController.m in Sources */,
				14B2C5A3288EC92D005BFC7C /* UIView+Rising.m in Sources */,
				14B2C5BD2890398B005BFC7C /* JWT.swift in Sources */,
				14B2C59A288E78E7005BFC7C /* HttpTool.m in Sources */,
				14A9021C28922D8500DC3C1A /* NSDate+Rising.m in Sources */,
				14B2C5A6288EDAFE005BFC7C /* CityWeatherItem.m in Sources */,
				B5338EC9289B7481009A72EA /* CitiesModel.m in Sources */,
				14A902152892183100DC3C1A /* UIColor+Rising.m in Sources */,
			);
			runOnlyForDeploymentPostprocessing = 0;
		};
/* End PBXSourcesBuildPhase section */

/* Begin PBXVariantGroup section */
		B5759A01288ADF90007CE07E /* LaunchScreen.storyboard */ = {
			isa = PBXVariantGroup;
			children = (
				B5759A02288ADF90007CE07E /* Base */,
			);
			name = LaunchScreen.storyboard;
			sourceTree = "<group>";
		};
/* End PBXVariantGroup section */

/* Begin XCBuildConfiguration section */
		B5759A07288ADF90007CE07E /* Debug */ = {
			isa = XCBuildConfiguration;
			buildSettings = {
				ALWAYS_SEARCH_USER_PATHS = NO;
				CLANG_ANALYZER_NONNULL = YES;
				CLANG_ANALYZER_NUMBER_OBJECT_CONVERSION = YES_AGGRESSIVE;
				CLANG_CXX_LANGUAGE_STANDARD = "gnu++17";
				CLANG_CXX_LIBRARY = "libc++";
				CLANG_ENABLE_MODULES = YES;
				CLANG_ENABLE_OBJC_ARC = YES;
				CLANG_ENABLE_OBJC_WEAK = YES;
				CLANG_WARN_BLOCK_CAPTURE_AUTORELEASING = YES;
				CLANG_WARN_BOOL_CONVERSION = YES;
				CLANG_WARN_COMMA = YES;
				CLANG_WARN_CONSTANT_CONVERSION = YES;
				CLANG_WARN_DEPRECATED_OBJC_IMPLEMENTATIONS = YES;
				CLANG_WARN_DIRECT_OBJC_ISA_USAGE = YES_ERROR;
				CLANG_WARN_DOCUMENTATION_COMMENTS = YES;
				CLANG_WARN_EMPTY_BODY = YES;
				CLANG_WARN_ENUM_CONVERSION = YES;
				CLANG_WARN_INFINITE_RECURSION = YES;
				CLANG_WARN_INT_CONVERSION = YES;
				CLANG_WARN_NON_LITERAL_NULL_CONVERSION = YES;
				CLANG_WARN_OBJC_IMPLICIT_RETAIN_SELF = YES;
				CLANG_WARN_OBJC_LITERAL_CONVERSION = YES;
				CLANG_WARN_OBJC_ROOT_CLASS = YES_ERROR;
				CLANG_WARN_QUOTED_INCLUDE_IN_FRAMEWORK_HEADER = YES;
				CLANG_WARN_RANGE_LOOP_ANALYSIS = YES;
				CLANG_WARN_STRICT_PROTOTYPES = YES;
				CLANG_WARN_SUSPICIOUS_MOVE = YES;
				CLANG_WARN_UNGUARDED_AVAILABILITY = YES_AGGRESSIVE;
				CLANG_WARN_UNREACHABLE_CODE = YES;
				CLANG_WARN__DUPLICATE_METHOD_MATCH = YES;
				COPY_PHASE_STRIP = NO;
				DEBUG_INFORMATION_FORMAT = dwarf;
				ENABLE_STRICT_OBJC_MSGSEND = YES;
				ENABLE_TESTABILITY = YES;
				GCC_C_LANGUAGE_STANDARD = gnu11;
				GCC_DYNAMIC_NO_PIC = NO;
				GCC_NO_COMMON_BLOCKS = YES;
				GCC_OPTIMIZATION_LEVEL = 0;
				GCC_PREPROCESSOR_DEFINITIONS = (
					"DEBUG=1",
					"$(inherited)",
				);
				GCC_WARN_64_TO_32_BIT_CONVERSION = YES;
				GCC_WARN_ABOUT_RETURN_TYPE = YES_ERROR;
				GCC_WARN_UNDECLARED_SELECTOR = YES;
				GCC_WARN_UNINITIALIZED_AUTOS = YES_AGGRESSIVE;
				GCC_WARN_UNUSED_FUNCTION = YES;
				GCC_WARN_UNUSED_VARIABLE = YES;
				IPHONEOS_DEPLOYMENT_TARGET = 11.0;
				MTL_ENABLE_DEBUG_INFO = INCLUDE_SOURCE;
				MTL_FAST_MATH = YES;
				ONLY_ACTIVE_ARCH = YES;
				SDKROOT = iphoneos;
			};
			name = Debug;
		};
		B5759A08288ADF90007CE07E /* Release */ = {
			isa = XCBuildConfiguration;
			buildSettings = {
				ALWAYS_SEARCH_USER_PATHS = NO;
				CLANG_ANALYZER_NONNULL = YES;
				CLANG_ANALYZER_NUMBER_OBJECT_CONVERSION = YES_AGGRESSIVE;
				CLANG_CXX_LANGUAGE_STANDARD = "gnu++17";
				CLANG_CXX_LIBRARY = "libc++";
				CLANG_ENABLE_MODULES = YES;
				CLANG_ENABLE_OBJC_ARC = YES;
				CLANG_ENABLE_OBJC_WEAK = YES;
				CLANG_WARN_BLOCK_CAPTURE_AUTORELEASING = YES;
				CLANG_WARN_BOOL_CONVERSION = YES;
				CLANG_WARN_COMMA = YES;
				CLANG_WARN_CONSTANT_CONVERSION = YES;
				CLANG_WARN_DEPRECATED_OBJC_IMPLEMENTATIONS = YES;
				CLANG_WARN_DIRECT_OBJC_ISA_USAGE = YES_ERROR;
				CLANG_WARN_DOCUMENTATION_COMMENTS = YES;
				CLANG_WARN_EMPTY_BODY = YES;
				CLANG_WARN_ENUM_CONVERSION = YES;
				CLANG_WARN_INFINITE_RECURSION = YES;
				CLANG_WARN_INT_CONVERSION = YES;
				CLANG_WARN_NON_LITERAL_NULL_CONVERSION = YES;
				CLANG_WARN_OBJC_IMPLICIT_RETAIN_SELF = YES;
				CLANG_WARN_OBJC_LITERAL_CONVERSION = YES;
				CLANG_WARN_OBJC_ROOT_CLASS = YES_ERROR;
				CLANG_WARN_QUOTED_INCLUDE_IN_FRAMEWORK_HEADER = YES;
				CLANG_WARN_RANGE_LOOP_ANALYSIS = YES;
				CLANG_WARN_STRICT_PROTOTYPES = YES;
				CLANG_WARN_SUSPICIOUS_MOVE = YES;
				CLANG_WARN_UNGUARDED_AVAILABILITY = YES_AGGRESSIVE;
				CLANG_WARN_UNREACHABLE_CODE = YES;
				CLANG_WARN__DUPLICATE_METHOD_MATCH = YES;
				COPY_PHASE_STRIP = NO;
				DEBUG_INFORMATION_FORMAT = "dwarf-with-dsym";
				ENABLE_NS_ASSERTIONS = NO;
				ENABLE_STRICT_OBJC_MSGSEND = YES;
				GCC_C_LANGUAGE_STANDARD = gnu11;
				GCC_NO_COMMON_BLOCKS = YES;
				GCC_WARN_64_TO_32_BIT_CONVERSION = YES;
				GCC_WARN_ABOUT_RETURN_TYPE = YES_ERROR;
				GCC_WARN_UNDECLARED_SELECTOR = YES;
				GCC_WARN_UNINITIALIZED_AUTOS = YES_AGGRESSIVE;
				GCC_WARN_UNUSED_FUNCTION = YES;
				GCC_WARN_UNUSED_VARIABLE = YES;
				IPHONEOS_DEPLOYMENT_TARGET = 11.0;
				MTL_ENABLE_DEBUG_INFO = NO;
				MTL_FAST_MATH = YES;
				SDKROOT = iphoneos;
				VALIDATE_PRODUCT = YES;
			};
			name = Release;
		};
		B5759A0A288ADF90007CE07E /* Debug */ = {
			isa = XCBuildConfiguration;
			baseConfigurationReference = 4F4DFFE3505B4E39B298FE71 /* Pods-ByteDanceCampus_Weather.debug.xcconfig */;
			buildSettings = {
				ASSETCATALOG_COMPILER_APPICON_NAME = AppIcon;
				ASSETCATALOG_COMPILER_GLOBAL_ACCENT_COLOR_NAME = AccentColor;
				CLANG_ENABLE_MODULES = YES;
				CODE_SIGN_STYLE = Automatic;
				CURRENT_PROJECT_VERSION = 1;
				DEFINES_MODULE = YES;
				DEVELOPMENT_TEAM = MFF5WD4K94;
				EMBED_ASSET_PACKS_IN_PRODUCT_BUNDLE = YES;
				"EXCLUDED_ARCHS[sdk=*]" = arm64;
				FRAMEWORK_SEARCH_PATHS = (
					"$(inherited)",
					"\"${PODS_CONFIGURATION_BUILD_DIR}/AFNetworking\"",
					"\"${PODS_CONFIGURATION_BUILD_DIR}/Masonry\"",
					"\"${PODS_CONFIGURATION_BUILD_DIR}/YYKit\"",
				);
				GCC_PREFIX_HEADER = "$(SRCROOT)/ByteDanceCampus_Weather/PrefixHeader.pch";
				GENERATE_INFOPLIST_FILE = YES;
				INFOPLIST_FILE = ByteDanceCampus_Weather/Info.plist;
				INFOPLIST_KEY_UIApplicationSupportsIndirectInputEvents = YES;
				INFOPLIST_KEY_UILaunchStoryboardName = LaunchScreen;
				INFOPLIST_KEY_UISupportedInterfaceOrientations_iPad = "UIInterfaceOrientationPortrait UIInterfaceOrientationPortraitUpsideDown UIInterfaceOrientationLandscapeLeft UIInterfaceOrientationLandscapeRight";
				INFOPLIST_KEY_UISupportedInterfaceOrientations_iPhone = "UIInterfaceOrientationPortrait UIInterfaceOrientationLandscapeLeft UIInterfaceOrientationLandscapeRight";
				LD_RUNPATH_SEARCH_PATHS = (
					"$(inherited)",
					"@executable_path/Frameworks",
				);
				MARKETING_VERSION = 1.0;
				PRODUCT_BUNDLE_IDENTIFIER = "sungkaikai.ByteDanceCampus-Weather";
				PRODUCT_NAME = "$(TARGET_NAME)";
				SWIFT_EMIT_LOC_STRINGS = YES;
				SWIFT_OBJC_BRIDGING_HEADER = "$(SRCROOT)/ByteDanceCampus_Weather/SwiftOC.h";
				SWIFT_OBJC_INTERFACE_HEADER_NAME = "$(SWIFT_MODULE_NAME)-Swift.h";
				SWIFT_OPTIMIZATION_LEVEL = "-Onone";
				SWIFT_VERSION = 5.0;
				TARGETED_DEVICE_FAMILY = 1;
			};
			name = Debug;
		};
		B5759A0B288ADF90007CE07E /* Release */ = {
			isa = XCBuildConfiguration;
			baseConfigurationReference = C093B705E69E432B0E9FC689 /* Pods-ByteDanceCampus_Weather.release.xcconfig */;
			buildSettings = {
				ASSETCATALOG_COMPILER_APPICON_NAME = AppIcon;
				ASSETCATALOG_COMPILER_GLOBAL_ACCENT_COLOR_NAME = AccentColor;
				CLANG_ENABLE_MODULES = YES;
				CODE_SIGN_STYLE = Automatic;
				CURRENT_PROJECT_VERSION = 1;
				DEFINES_MODULE = YES;
				DEVELOPMENT_TEAM = MFF5WD4K94;
				EMBED_ASSET_PACKS_IN_PRODUCT_BUNDLE = YES;
				FRAMEWORK_SEARCH_PATHS = (
					"$(inherited)",
					"\"${PODS_CONFIGURATION_BUILD_DIR}/AFNetworking\"",
					"\"${PODS_CONFIGURATION_BUILD_DIR}/Masonry\"",
					"\"${PODS_CONFIGURATION_BUILD_DIR}/YYKit\"",
				);
				GCC_PREFIX_HEADER = "$(SRCROOT)/ByteDanceCampus_Weather/PrefixHeader.pch";
				GENERATE_INFOPLIST_FILE = YES;
				INFOPLIST_FILE = ByteDanceCampus_Weather/Info.plist;
				INFOPLIST_KEY_UIApplicationSupportsIndirectInputEvents = YES;
				INFOPLIST_KEY_UILaunchStoryboardName = LaunchScreen;
				INFOPLIST_KEY_UISupportedInterfaceOrientations_iPad = "UIInterfaceOrientationPortrait UIInterfaceOrientationPortraitUpsideDown UIInterfaceOrientationLandscapeLeft UIInterfaceOrientationLandscapeRight";
				INFOPLIST_KEY_UISupportedInterfaceOrientations_iPhone = "UIInterfaceOrientationPortrait UIInterfaceOrientationLandscapeLeft UIInterfaceOrientationLandscapeRight";
				LD_RUNPATH_SEARCH_PATHS = (
					"$(inherited)",
					"@executable_path/Frameworks",
				);
				MARKETING_VERSION = 1.0;
				PRODUCT_BUNDLE_IDENTIFIER = "sungkaikai.ByteDanceCampus-Weather";
				PRODUCT_NAME = "$(TARGET_NAME)";
				SWIFT_EMIT_LOC_STRINGS = YES;
				SWIFT_OBJC_BRIDGING_HEADER = "$(SRCROOT)/ByteDanceCampus_Weather/SwiftOC.h";
				SWIFT_OBJC_INTERFACE_HEADER_NAME = "$(SWIFT_MODULE_NAME)-Swift.h";
				SWIFT_VERSION = 5.0;
				TARGETED_DEVICE_FAMILY = 1;
			};
			name = Release;
		};
/* End XCBuildConfiguration section */

/* Begin XCConfigurationList section */
		B57599EB288ADF8E007CE07E /* Build configuration list for PBXProject "ByteDanceCampus_Weather" */ = {
			isa = XCConfigurationList;
			buildConfigurations = (
				B5759A07288ADF90007CE07E /* Debug */,
				B5759A08288ADF90007CE07E /* Release */,
			);
			defaultConfigurationIsVisible = 0;
			defaultConfigurationName = Release;
		};
		B5759A09288ADF90007CE07E /* Build configuration list for PBXNativeTarget "ByteDanceCampus_Weather" */ = {
			isa = XCConfigurationList;
			buildConfigurations = (
				B5759A0A288ADF90007CE07E /* Debug */,
				B5759A0B288ADF90007CE07E /* Release */,
			);
			defaultConfigurationIsVisible = 0;
			defaultConfigurationName = Release;
		};
/* End XCConfigurationList section */
	};
	rootObject = B57599E8288ADF8E007CE07E /* Project object */;
}
